GITHUBTARBALL
  remote: n0ts/puppet-boxen
  specs:
    boxen (3.13.0c)

GITHUBTARBALL
  remote: n0ts/puppet-homebrew
  specs:
    homebrew (2.1.0f)

GITHUBTARBALL
  remote: puppetlabs/puppetlabs-inifile
  specs:
    inifile (2.0.0)

GITHUBTARBALL
  remote: puppetlabs/puppetlabs-stdlib
  specs:
    stdlib (4.17.1)

DEPENDENCIES
  boxen (= 3.13.0c)
  homebrew (= 2.1.0f)
  inifile (= 2.0.0)
  stdlib (= 4.17.1)

